# This file is autogenerated, do not edit; changes may be undone by the next 'dep ensure'.


[[projects]]
  digest = "1:2b10b9a545074605403d32baf9dda24b7582976ba7e9b46c4c7b9da9edac03e7"
  name = "cloud.google.com/go"
  packages = [
    "bigquery",
    "civil",
    "compute/metadata",
    "internal",
    "internal/atomiccache",
    "internal/fields",
    "internal/optional",
    "internal/trace",
    "internal/tracecontext",
    "internal/version",
    "monitoring/apiv3",
    "trace",
    "trace/apiv2",
  ]
  pruneopts = ""
  revision = "aad3f485ee528456e0768f20397b4d9dd941e755"
  version = "v0.25.0"

[[projects]]
  digest = "1:e64fddc819e2abc68792a743dd857c379449a56f2b9eaf030c03fb0ec19de884"
  name = "github.com/DataDog/datadog-go"
  packages = ["statsd"]
  pruneopts = ""
  revision = "e67964b4021ad3a334e748e8811eb3cd6becbc6e"
  version = "2.1.0"

[[projects]]
  branch = "master"
  digest = "1:053f4efcc417dd49e7a27985c73998d67df3398891bc11d3166deeab35ca9a02"
  name = "github.com/DataDog/opencensus-go-exporter-datadog"
  packages = ["."]
  pruneopts = ""
  revision = "dbb3980bd763bbc52ff3cc211c6f8f7b354ad2d9"

[[projects]]
  digest = "1:2f4d4ba08e54c0c63693d7dd21c30c8ff6800d047efcbbe8addd5620d2625871"
  name = "github.com/go-chi/chi"
  packages = ["."]
  pruneopts = ""
  revision = "e83ac2304db3c50cf03d96a2fcd39009d458bc35"
  version = "v3.3.2"

[[projects]]
  digest = "1:f958a1c137db276e52f0b50efee41a1a389dcdded59a69711f3e872757dab34b"
  name = "github.com/golang/protobuf"
  packages = [
    "proto",
    "protoc-gen-go/descriptor",
    "ptypes",
    "ptypes/any",
    "ptypes/duration",
    "ptypes/empty",
    "ptypes/struct",
    "ptypes/timestamp",
    "ptypes/wrappers",
  ]
  pruneopts = ""
  revision = "b4deda0973fb4c70b50d226b1af49f3da59f5265"
  version = "v1.1.0"

[[projects]]
  digest = "1:e097a364f4e8d8d91b9b9eeafb992d3796a41fde3eb548c1a87eb9d9f60725cf"
  name = "github.com/googleapis/gax-go"
  packages = ["."]
  pruneopts = ""
  revision = "317e0006254c44a0ac427cc52a0e083ff0b9622f"
  version = "v2.0.0"

[[projects]]
  digest = "1:0c0ff2a89c1bb0d01887e1dac043ad7efbf3ec77482ef058ac423d13497e16fd"
  name = "github.com/modern-go/concurrent"
  packages = ["."]
  pruneopts = ""
  revision = "bacd9c7ef1dd9b15be4a9909b8ac7a4e313eec94"
  version = "1.0.3"

[[projects]]
  digest = "1:e32bdbdb7c377a07a9a46378290059822efdce5c8d96fe71940d87cb4f918855"
  name = "github.com/modern-go/reflect2"
  packages = ["."]
  pruneopts = ""
  revision = "4b7aa43c6742a2c18fdef89dd197aaae7dac7ccd"
  version = "1.0.1"

[[projects]]
  branch = "master"
  digest = "1:aeb421154ad1fda536217d276ec87dc4dc43706053e162232753612b63a4bc34"
  name = "github.com/ninnemana/huego"
  packages = [
    ".",
    "client",
    "mock",
  ]
  pruneopts = ""
  revision = "2852a4dce5e8894cc7d9a1e8bef852ecdd812e2d"

[[projects]]
  digest = "1:53ac4e911e12dde0ab68655e2006449d207a5a681f084974da2b06e5dbeaca72"
  name = "github.com/ninnemana/json-iterator"
  packages = ["."]
  pruneopts = ""
  revision = "ab8a2e0c74be9d3be70b3184d9acc634935ded82"
  version = "1.1.4"

[[projects]]
  digest = "1:210286d0cb60ffe28f1ca00b664029e8943009f95d06d8f8c336301b28e1aee5"
  name = "github.com/philhofer/fwd"
  packages = ["."]
  pruneopts = ""
  revision = "bb6d471dc95d4fe11e432687f8b70ff496cf3136"
  version = "v1.0.0"

[[projects]]
  digest = "1:7365acd48986e205ccb8652cc746f09c8b7876030d53710ea6ef7d0bd0dcd7ca"
  name = "github.com/pkg/errors"
  packages = ["."]
  pruneopts = ""
  revision = "645ef00459ed84a119197bfb8d8205042c6df63d"
  version = "v0.8.0"

[[projects]]
  digest = "1:d86207bf60b312a4fb9a9ffe5cd48ec6e4b3987a4e23d30e034983d1a68adfab"
  name = "github.com/pressly/chi"
  packages = [
    ".",
    "docgen",
    "middleware",
  ]
  pruneopts = ""
  revision = "967844826e58cf31213a7dfb82455d242ad85101"
  version = "v3.0.0"

[[projects]]
  digest = "1:cae65c1f3471b1f456a9d8a160440f4824ad50c718a15da4144490fbc3b12e49"
  name = "github.com/tinylib/msgp"
  packages = ["msgp"]
  pruneopts = ""
  revision = "b2b6a672cf1e5b90748f79b8b81fc8c5cf0571a1"
  version = "1.0.2"

[[projects]]
  digest = "1:eb3da47361162f0ad991ddf391e6dc03e23889201d76046e2917687b84977aee"
  name = "go.opencensus.io"
  packages = [
    ".",
    "exporter/stackdriver",
    "exporter/stackdriver/propagation",
    "internal",
    "internal/tagencoding",
    "plugin/ocgrpc",
    "plugin/ochttp",
    "plugin/ochttp/propagation/b3",
    "stats",
    "stats/internal",
    "stats/view",
    "tag",
    "trace",
    "trace/internal",
    "trace/propagation",
  ]
  pruneopts = ""
  revision = "e262766cd0d230a1bb7c37281e345e465f19b41b"
  version = "v0.14.0"

[[projects]]
  branch = "master"
  digest = "1:7a2d59e5fc661ccf4ae7dc301c1a7332ec59b2ee435f78aa3eaa65cacb256370"
  name = "golang.org/x/net"
  packages = [
    "context",
    "context/ctxhttp",
    "http/httpguts",
    "http2",
    "http2/hpack",
    "idna",
    "internal/timeseries",
    "trace",
  ]
  pruneopts = ""
  revision = "d0887baf81f4598189d4e12a37c6da86f0bba4d0"

[[projects]]
  branch = "master"
  digest = "1:a6237bd1fe4eed8524971a2923fcadb54e9584b19516a35d3f76f1c53f603cf9"
  name = "golang.org/x/oauth2"
  packages = [
    ".",
    "google",
    "internal",
    "jws",
    "jwt",
  ]
  pruneopts = ""
  revision = "ef147856a6ddbb60760db74283d2424e98c87bff"

[[projects]]
  branch = "master"
  digest = "1:b2ea75de0ccb2db2ac79356407f8a4cd8f798fe15d41b381c00abf3ae8e55ed1"
  name = "golang.org/x/sync"
  packages = ["semaphore"]
  pruneopts = ""
  revision = "1d60e4601c6fd243af51cc01ddf169918a5407ca"

[[projects]]
  digest = "1:5acd3512b047305d49e8763eef7ba423901e85d5dd2fd1e71778a0ea8de10bd4"
  name = "golang.org/x/text"
  packages = [
    "collate",
    "collate/build",
    "internal/colltab",
    "internal/gen",
    "internal/tag",
    "internal/triegen",
    "internal/ucd",
    "language",
    "secure/bidirule",
    "transform",
    "unicode/bidi",
    "unicode/cldr",
    "unicode/norm",
    "unicode/rangetable",
  ]
  pruneopts = ""
  revision = "f21a4dfb5e38f5895301dc265a8def02365cc3d0"
  version = "v0.3.0"

[[projects]]
  branch = "master"
  digest = "1:55a681cb66f28755765fa5fa5104cbd8dc85c55c02d206f9f89566451e3fe1aa"
  name = "golang.org/x/time"
  packages = ["rate"]
  pruneopts = ""
  revision = "fbb02b2291d28baffd63558aa44b4b56f178d650"

[[projects]]
  branch = "master"
  digest = "1:8bd73f352edced8550742561ecdf919bbaaa00420dbc31bdf81de2b1fbee341a"
  name = "google.golang.org/api"
  packages = [
    "bigquery/v2",
    "cloudtrace/v1",
    "gensupport",
    "googleapi",
    "googleapi/internal/uritemplates",
    "googleapi/transport",
    "internal",
    "iterator",
    "option",
    "support/bundler",
    "transport",
    "transport/grpc",
    "transport/http",
  ]
  pruneopts = ""
  revision = "781db45e5b94469718b0c615037e76333cd050e3"

[[projects]]
  digest = "1:c1771ca6060335f9768dff6558108bc5ef6c58506821ad43377ee23ff059e472"
  name = "google.golang.org/appengine"
  packages = [
    ".",
    "internal",
    "internal/app_identity",
    "internal/base",
    "internal/datastore",
    "internal/log",
    "internal/modules",
    "internal/remote_api",
    "internal/socket",
    "internal/urlfetch",
    "socket",
    "urlfetch",
  ]
  pruneopts = ""
  revision = "b1f26356af11148e710935ed1ac8a7f5702c7612"
  version = "v1.1.0"

[[projects]]
  branch = "master"
  digest = "1:524c6df2f66ff8f36b07472a5510e6a3098fe42fa5b59362f912a08704204dca"
  name = "google.golang.org/genproto"
  packages = [
    "googleapis/api/annotations",
    "googleapis/api/distribution",
    "googleapis/api/label",
    "googleapis/api/metric",
    "googleapis/api/monitoredres",
    "googleapis/devtools/cloudtrace/v2",
    "googleapis/monitoring/v3",
    "googleapis/rpc/code",
    "googleapis/rpc/status",
    "protobuf/field_mask",
  ]
  pruneopts = ""
  revision = "e92b116572682a5b432ddd840aeaba2a559eeff1"

[[projects]]
  digest = "1:5f31b45ee9da7a87f140bef3ed0a7ca34ea2a6d38eb888123b8e28170e8aa4f2"
  name = "google.golang.org/grpc"
  packages = [
    ".",
    "balancer",
    "balancer/base",
    "balancer/roundrobin",
    "codes",
    "connectivity",
    "credentials",
    "credentials/oauth",
    "encoding",
    "encoding/proto",
    "grpclog",
    "internal",
    "internal/backoff",
    "internal/channelz",
    "internal/grpcrand",
    "keepalive",
    "metadata",
    "naming",
    "peer",
    "reflection",
    "reflection/grpc_reflection_v1alpha",
    "resolver",
    "resolver/dns",
    "resolver/passthrough",
    "stats",
    "status",
    "tap",
    "transport",
  ]
  pruneopts = ""
  revision = "168a6198bcb0ef175f7dacec0b8691fc141dc9b8"
  version = "v1.13.0"

[[projects]]
  digest = "1:8c3fd5264d24088672b0ec1fb9893705e41835fded35ba36482cb2e18c6e65d0"
  name = "gopkg.in/DataDog/dd-trace-go.v1"
  packages = ["ddtrace/ext"]
  pruneopts = ""
  revision = "2ef32813748b754e58e3b9336fd257aec967515b"
  version = "v1.1.1"

[solve-meta]
  analyzer-name = "dep"
  analyzer-version = 1
  input-imports = [
    "cloud.google.com/go/bigquery",
    "cloud.google.com/go/trace",
    "github.com/DataDog/opencensus-go-exporter-datadog",
    "github.com/golang/protobuf/proto",
    "github.com/golang/protobuf/ptypes/empty",
    "github.com/ninnemana/huego",
    "github.com/ninnemana/huego/client",
    "github.com/ninnemana/huego/mock",
    "github.com/ninnemana/json-iterator",
    "github.com/pkg/errors",
    "github.com/pressly/chi",
    "github.com/pressly/chi/docgen",
    "github.com/pressly/chi/middleware",
    "go.opencensus.io/exporter/stackdriver",
    "go.opencensus.io/plugin/ocgrpc",
    "go.opencensus.io/stats/view",
    "go.opencensus.io/trace",
    "golang.org/x/net/context",
    "google.golang.org/grpc",
    "google.golang.org/grpc/grpclog",
    "google.golang.org/grpc/metadata",
    "google.golang.org/grpc/reflection",
  ]
  solver-name = "gps-cdcl"
  solver-version = 1
