memo = "fd1d8451332a8ab665b7472bb85104a7262ce185ee637500a6cf869dbfab8747"

[[projects]]
  name = "github.com/google/uuid"
  packages = ["."]
  revision = "064e2069ce9c359c118179501254f67d7d37ba24"
  version = "0.2"

[[projects]]
  branch = "master"
  name = "github.com/pkg/errors"
  packages = ["."]
  revision = "ff09b135c25aae272398c51a07235b90a75aa4f0"

[[projects]]
  branch = "master"
  name = "github.com/pressly/chi"
  packages = [".","docgen","middleware","render"]
  revision = "a57b1fbe2989382bdef31d3793d4a50a0e4a1d7c"
